
Microsoft Visual Studio Solution File, Format Version 12.00
# Visual Studio Version 16
VisualStudioVersion = 25.0.1700.2
MinimumVisualStudioVersion = 10.0.40219.1
Project("{FAE04EC0-301F-11D3-BF4B-00C04F79EFBC}") = "MethodDemos", "MethodDemos\MethodDemos.csproj", "{6F7F9101-1620-4242-BC8B-C350CEDEE3DA}"
EndProject
Global
	GlobalSection(SolutionConfigurationPlatforms) = preSolution
		Debug|Any CPU = Debug|Any CPU
		Release|Any CPU = Release|Any CPU
	EndGlobalSection
	GlobalSection(ProjectConfigurationPlatforms) = postSolution
		{6F7F9101-1620-4242-BC8B-C350CEDEE3DA}.Debug|Any CPU.ActiveCfg = Debug|Any CPU
		{6F7F9101-1620-4242-BC8B-C350CEDEE3DA}.Debug|Any CPU.Build.0 = Debug|Any CPU
		{6F7F9101-1620-4242-BC8B-C350CEDEE3DA}.Release|Any CPU.ActiveCfg = Release|Any CPU
		{6F7F9101-1620-4242-BC8B-C350CEDEE3DA}.Release|Any CPU.Build.0 = Release|Any CPU
	EndGlobalSection
	GlobalSection(SolutionProperties) = preSolution
		HideSolutionNode = FALSE
	EndGlobalSection
	GlobalSection(ExtensibilityGlobals) = postSolution
		SolutionGuid = {4A5F5422-E2A0-4D4B-9C25-7450171851A7}
	EndGlobalSection
EndGlobal
